
Microsoft Visual Studio Solution File, Format Version 12.00
# Visual Studio Version 17
VisualStudioVersion = 17.11.35327.3
MinimumVisualStudioVersion = 10.0.40219.1
Project("{FAE04EC0-301F-11D3-BF4B-00C04F79EFBC}") = "KorHasab", "test\KorHasab.csproj", "{5F70B7BF-8092-47F5-80FB-176361FC377D}"
EndProject
Project("{FAE04EC0-301F-11D3-BF4B-00C04F79EFBC}") = "teglalap", "teglalap\teglalap.csproj", "{CB0F3B88-6FDC-481B-A343-9E7B60CB657E}"
EndProject
Project("{FAE04EC0-301F-11D3-BF4B-00C04F79EFBC}") = "HaromszogTipusaOOP", "HaromszogTipusaOOP\HaromszogTipusaOOP.csproj", "{3D969209-87C9-42B8-BD69-B2BD90B2B710}"
EndProject
Project("{FAE04EC0-301F-11D3-BF4B-00C04F79EFBC}") = "Kivetel", "Kivetel\Kivetel.csproj", "{C452F46E-E224-47B1-9C49-83B40C588CF9}"
EndProject
Project("{FAE04EC0-301F-11D3-BF4B-00C04F79EFBC}") = "MagasOOP", "MagasOOP\MagasOOP.csproj", "{A57DCFB9-A563-42C6-99F4-4DB0F63E9845}"
EndProject
Project("{FAE04EC0-301F-11D3-BF4B-00C04F79EFBC}") = "Negyszog", "Negyszog\Negyszog.csproj", "{AFCE6087-9833-41B4-9FD7-FA5D83157398}"
EndProject
Project("{FAE04EC0-301F-11D3-BF4B-00C04F79EFBC}") = "AutoList", "AutoList\AutoList.csproj", "{0199A3F1-5D85-4395-ABE4-F15A264BB446}"
EndProject
Project("{FAE04EC0-301F-11D3-BF4B-00C04F79EFBC}") = "BaratList", "BaratList\BaratList.csproj", "{FE1AD528-3307-49B7-A470-F8993D870259}"
EndProject
Project("{FAE04EC0-301F-11D3-BF4B-00C04F79EFBC}") = "PoliformOOP", "PoliformOOP\PoliformOOP.csproj", "{7E865459-861B-481B-B29B-791DE45D0AC8}"
EndProject
Project("{FAE04EC0-301F-11D3-BF4B-00C04F79EFBC}") = "GetterSetter", "GetterSetter\GetterSetter.csproj", "{5FC75E70-9A47-4FBB-A38A-A999DCC45E2D}"
EndProject
Project("{FAE04EC0-301F-11D3-BF4B-00C04F79EFBC}") = "Properties", "Properties\Properties.csproj", "{84B83201-571D-4BE8-9DC8-FEABC7685EE2}"
EndProject
Project("{FAE04EC0-301F-11D3-BF4B-00C04F79EFBC}") = "OroklesProgram", "OroklesProgram\OroklesProgram.csproj", "{1EDAF603-6CDB-489D-96A2-B173E81C2858}"
EndProject
Project("{FAE04EC0-301F-11D3-BF4B-00C04F79EFBC}") = "Abstract", "Abstract\Abstract.csproj", "{A08DD516-0C39-4F47-BC97-C6253CBA7051}"
EndProject
Project("{FAE04EC0-301F-11D3-BF4B-00C04F79EFBC}") = "ElsoForm", "ElsoForm\ElsoForm.csproj", "{FE6E0796-FF1D-408A-A620-25020C8828E8}"
EndProject
Project("{FAE04EC0-301F-11D3-BF4B-00C04F79EFBC}") = "19.4.FormMozg", "..\..\..\Downloads\19.04.FormMozg\19.04.FormMozg\19.4.FormMozg.csproj", "{DFA23F8C-D32C-4849-9C2C-A2D3AC46A6AD}"
EndProject
Project("{FAE04EC0-301F-11D3-BF4B-00C04F79EFBC}") = "KepekKorbe", "KepekKorbe\KepekKorbe.csproj", "{991883C4-C331-4A11-ACD6-12CE9D34847E}"
EndProject
Global
	GlobalSection(SolutionConfigurationPlatforms) = preSolution
		Debug|Any CPU = Debug|Any CPU
		Release|Any CPU = Release|Any CPU
	EndGlobalSection
	GlobalSection(ProjectConfigurationPlatforms) = postSolution
		{5F70B7BF-8092-47F5-80FB-176361FC377D}.Debug|Any CPU.ActiveCfg = Debug|Any CPU
		{5F70B7BF-8092-47F5-80FB-176361FC377D}.Debug|Any CPU.Build.0 = Debug|Any CPU
		{5F70B7BF-8092-47F5-80FB-176361FC377D}.Release|Any CPU.ActiveCfg = Release|Any CPU
		{5F70B7BF-8092-47F5-80FB-176361FC377D}.Release|Any CPU.Build.0 = Release|Any CPU
		{CB0F3B88-6FDC-481B-A343-9E7B60CB657E}.Debug|Any CPU.ActiveCfg = Debug|Any CPU
		{CB0F3B88-6FDC-481B-A343-9E7B60CB657E}.Debug|Any CPU.Build.0 = Debug|Any CPU
		{CB0F3B88-6FDC-481B-A343-9E7B60CB657E}.Release|Any CPU.ActiveCfg = Release|Any CPU
		{CB0F3B88-6FDC-481B-A343-9E7B60CB657E}.Release|Any CPU.Build.0 = Release|Any CPU
		{3D969209-87C9-42B8-BD69-B2BD90B2B710}.Debug|Any CPU.ActiveCfg = Debug|Any CPU
		{3D969209-87C9-42B8-BD69-B2BD90B2B710}.Debug|Any CPU.Build.0 = Debug|Any CPU
		{3D969209-87C9-42B8-BD69-B2BD90B2B710}.Release|Any CPU.ActiveCfg = Release|Any CPU
		{3D969209-87C9-42B8-BD69-B2BD90B2B710}.Release|Any CPU.Build.0 = Release|Any CPU
		{C452F46E-E224-47B1-9C49-83B40C588CF9}.Debug|Any CPU.ActiveCfg = Debug|Any CPU
		{C452F46E-E224-47B1-9C49-83B40C588CF9}.Debug|Any CPU.Build.0 = Debug|Any CPU
		{C452F46E-E224-47B1-9C49-83B40C588CF9}.Release|Any CPU.ActiveCfg = Release|Any CPU
		{C452F46E-E224-47B1-9C49-83B40C588CF9}.Release|Any CPU.Build.0 = Release|Any CPU
		{A57DCFB9-A563-42C6-99F4-4DB0F63E9845}.Debug|Any CPU.ActiveCfg = Debug|Any CPU
		{A57DCFB9-A563-42C6-99F4-4DB0F63E9845}.Debug|Any CPU.Build.0 = Debug|Any CPU
		{A57DCFB9-A563-42C6-99F4-4DB0F63E9845}.Release|Any CPU.ActiveCfg = Release|Any CPU
		{A57DCFB9-A563-42C6-99F4-4DB0F63E9845}.Release|Any CPU.Build.0 = Release|Any CPU
		{AFCE6087-9833-41B4-9FD7-FA5D83157398}.Debug|Any CPU.ActiveCfg = Debug|Any CPU
		{AFCE6087-9833-41B4-9FD7-FA5D83157398}.Debug|Any CPU.Build.0 = Debug|Any CPU
		{AFCE6087-9833-41B4-9FD7-FA5D83157398}.Release|Any CPU.ActiveCfg = Release|Any CPU
		{AFCE6087-9833-41B4-9FD7-FA5D83157398}.Release|Any CPU.Build.0 = Release|Any CPU
		{0199A3F1-5D85-4395-ABE4-F15A264BB446}.Debug|Any CPU.ActiveCfg = Debug|Any CPU
		{0199A3F1-5D85-4395-ABE4-F15A264BB446}.Debug|Any CPU.Build.0 = Debug|Any CPU
		{0199A3F1-5D85-4395-ABE4-F15A264BB446}.Release|Any CPU.ActiveCfg = Release|Any CPU
		{0199A3F1-5D85-4395-ABE4-F15A264BB446}.Release|Any CPU.Build.0 = Release|Any CPU
		{FE1AD528-3307-49B7-A470-F8993D870259}.Debug|Any CPU.ActiveCfg = Debug|Any CPU
		{FE1AD528-3307-49B7-A470-F8993D870259}.Debug|Any CPU.Build.0 = Debug|Any CPU
		{FE1AD528-3307-49B7-A470-F8993D870259}.Release|Any CPU.ActiveCfg = Release|Any CPU
		{FE1AD528-3307-49B7-A470-F8993D870259}.Release|Any CPU.Build.0 = Release|Any CPU
		{7E865459-861B-481B-B29B-791DE45D0AC8}.Debug|Any CPU.ActiveCfg = Debug|Any CPU
		{7E865459-861B-481B-B29B-791DE45D0AC8}.Debug|Any CPU.Build.0 = Debug|Any CPU
		{7E865459-861B-481B-B29B-791DE45D0AC8}.Release|Any CPU.ActiveCfg = Release|Any CPU
		{7E865459-861B-481B-B29B-791DE45D0AC8}.Release|Any CPU.Build.0 = Release|Any CPU
		{5FC75E70-9A47-4FBB-A38A-A999DCC45E2D}.Debug|Any CPU.ActiveCfg = Debug|Any CPU
		{5FC75E70-9A47-4FBB-A38A-A999DCC45E2D}.Debug|Any CPU.Build.0 = Debug|Any CPU
		{5FC75E70-9A47-4FBB-A38A-A999DCC45E2D}.Release|Any CPU.ActiveCfg = Release|Any CPU
		{5FC75E70-9A47-4FBB-A38A-A999DCC45E2D}.Release|Any CPU.Build.0 = Release|Any CPU
		{84B83201-571D-4BE8-9DC8-FEABC7685EE2}.Debug|Any CPU.ActiveCfg = Debug|Any CPU
		{84B83201-571D-4BE8-9DC8-FEABC7685EE2}.Debug|Any CPU.Build.0 = Debug|Any CPU
		{84B83201-571D-4BE8-9DC8-FEABC7685EE2}.Release|Any CPU.ActiveCfg = Release|Any CPU
		{84B83201-571D-4BE8-9DC8-FEABC7685EE2}.Release|Any CPU.Build.0 = Release|Any CPU
		{1EDAF603-6CDB-489D-96A2-B173E81C2858}.Debug|Any CPU.ActiveCfg = Debug|Any CPU
		{1EDAF603-6CDB-489D-96A2-B173E81C2858}.Debug|Any CPU.Build.0 = Debug|Any CPU
		{1EDAF603-6CDB-489D-96A2-B173E81C2858}.Release|Any CPU.ActiveCfg = Release|Any CPU
		{1EDAF603-6CDB-489D-96A2-B173E81C2858}.Release|Any CPU.Build.0 = Release|Any CPU
		{A08DD516-0C39-4F47-BC97-C6253CBA7051}.Debug|Any CPU.ActiveCfg = Debug|Any CPU
		{A08DD516-0C39-4F47-BC97-C6253CBA7051}.Debug|Any CPU.Build.0 = Debug|Any CPU
		{A08DD516-0C39-4F47-BC97-C6253CBA7051}.Release|Any CPU.ActiveCfg = Release|Any CPU
		{A08DD516-0C39-4F47-BC97-C6253CBA7051}.Release|Any CPU.Build.0 = Release|Any CPU
		{FE6E0796-FF1D-408A-A620-25020C8828E8}.Debug|Any CPU.ActiveCfg = Debug|Any CPU
		{FE6E0796-FF1D-408A-A620-25020C8828E8}.Debug|Any CPU.Build.0 = Debug|Any CPU
		{FE6E0796-FF1D-408A-A620-25020C8828E8}.Release|Any CPU.ActiveCfg = Release|Any CPU
		{FE6E0796-FF1D-408A-A620-25020C8828E8}.Release|Any CPU.Build.0 = Release|Any CPU
		{DFA23F8C-D32C-4849-9C2C-A2D3AC46A6AD}.Debug|Any CPU.ActiveCfg = Debug|Any CPU
		{DFA23F8C-D32C-4849-9C2C-A2D3AC46A6AD}.Debug|Any CPU.Build.0 = Debug|Any CPU
		{DFA23F8C-D32C-4849-9C2C-A2D3AC46A6AD}.Release|Any CPU.ActiveCfg = Release|Any CPU
		{DFA23F8C-D32C-4849-9C2C-A2D3AC46A6AD}.Release|Any CPU.Build.0 = Release|Any CPU
		{991883C4-C331-4A11-ACD6-12CE9D34847E}.Debug|Any CPU.ActiveCfg = Debug|Any CPU
		{991883C4-C331-4A11-ACD6-12CE9D34847E}.Debug|Any CPU.Build.0 = Debug|Any CPU
		{991883C4-C331-4A11-ACD6-12CE9D34847E}.Release|Any CPU.ActiveCfg = Release|Any CPU
		{991883C4-C331-4A11-ACD6-12CE9D34847E}.Release|Any CPU.Build.0 = Release|Any CPU
	EndGlobalSection
	GlobalSection(SolutionProperties) = preSolution
		HideSolutionNode = FALSE
	EndGlobalSection
	GlobalSection(ExtensibilityGlobals) = postSolution
		SolutionGuid = {783628ED-BD13-4751-8B6B-E2C8BB33A1F9}
	EndGlobalSection
EndGlobal
